
Microsoft Visual Studio Solution File, Format Version 12.00
# Visual Studio 15
VisualStudioVersion = 15.0.28010.2048
MinimumVisualStudioVersion = 10.0.40219.1
Project("{8BC9CEB8-8B4A-11D0-8D11-00A0C91BC942}") = "LinearSearch", "LinearSearch\LinearSearch.vcxproj", "{16AF1949-C48B-4F9E-A980-4B138C0EBC90}"
EndProject
Project("{8BC9CEB8-8B4A-11D0-8D11-00A0C91BC942}") = "BinarySearch", "BinarySearch\BinarySearch.vcxproj", "{DEBCCF12-9560-4485-9183-B59499ACEECA}"
EndProject
Global
	GlobalSection(SolutionConfigurationPlatforms) = preSolution
		Debug|x64 = Debug|x64
		Debug|x86 = Debug|x86
		Release|x64 = Release|x64
		Release|x86 = Release|x86
	EndGlobalSection
	GlobalSection(ProjectConfigurationPlatforms) = postSolution
		{16AF1949-C48B-4F9E-A980-4B138C0EBC90}.Debug|x64.ActiveCfg = Debug|x64
		{16AF1949-C48B-4F9E-A980-4B138C0EBC90}.Debug|x64.Build.0 = Debug|x64
		{16AF1949-C48B-4F9E-A980-4B138C0EBC90}.Debug|x86.ActiveCfg = Debug|Win32
		{16AF1949-C48B-4F9E-A980-4B138C0EBC90}.Debug|x86.Build.0 = Debug|Win32
		{16AF1949-C48B-4F9E-A980-4B138C0EBC90}.Release|x64.ActiveCfg = Release|x64
		{16AF1949-C48B-4F9E-A980-4B138C0EBC90}.Release|x64.Build.0 = Release|x64
		{16AF1949-C48B-4F9E-A980-4B138C0EBC90}.Release|x86.ActiveCfg = Release|Win32
		{16AF1949-C48B-4F9E-A980-4B138C0EBC90}.Release|x86.Build.0 = Release|Win32
		{DEBCCF12-9560-4485-9183-B59499ACEECA}.Debug|x64.ActiveCfg = Debug|x64
		{DEBCCF12-9560-4485-9183-B59499ACEECA}.Debug|x64.Build.0 = Debug|x64
		{DEBCCF12-9560-4485-9183-B59499ACEECA}.Debug|x86.ActiveCfg = Debug|Win32
		{DEBCCF12-9560-4485-9183-B59499ACEECA}.Debug|x86.Build.0 = Debug|Win32
		{DEBCCF12-9560-4485-9183-B59499ACEECA}.Release|x64.ActiveCfg = Release|x64
		{DEBCCF12-9560-4485-9183-B59499ACEECA}.Release|x64.Build.0 = Release|x64
		{DEBCCF12-9560-4485-9183-B59499ACEECA}.Release|x86.ActiveCfg = Release|Win32
		{DEBCCF12-9560-4485-9183-B59499ACEECA}.Release|x86.Build.0 = Release|Win32
	EndGlobalSection
	GlobalSection(SolutionProperties) = preSolution
		HideSolutionNode = FALSE
	EndGlobalSection
	GlobalSection(ExtensibilityGlobals) = postSolution
		SolutionGuid = {5BE64CB8-057F-4135-ABD1-26392F206D0F}
	EndGlobalSection
EndGlobal
